
Microsoft Visual Studio Solution File, Format Version 12.00
# Visual Studio 2012
Project("{FAE04EC0-301F-11D3-BF4B-00C04F79EFBC}") = "TodoAppBackboneJS", "TodoAppBackboneJS\TodoAppBackboneJS.csproj", "{FF31B1D7-F127-442A-8C41-1BAFB89210C1}"
EndProject
Project("{2150E333-8FDC-42A3-9474-1A3956D46DE8}") = ".nuget", ".nuget", "{1C7BFE80-C86D-4049-845E-5384EAA419D5}"
	ProjectSection(SolutionItems) = preProject
		.nuget\NuGet.Config = .nuget\NuGet.Config
		.nuget\NuGet.exe = .nuget\NuGet.exe
		.nuget\NuGet.targets = .nuget\NuGet.targets
	EndProjectSection
EndProject
Global
	GlobalSection(SolutionConfigurationPlatforms) = preSolution
		Debug|Any CPU = Debug|Any CPU
		Release|Any CPU = Release|Any CPU
	EndGlobalSection
	GlobalSection(ProjectConfigurationPlatforms) = postSolution
		{FF31B1D7-F127-442A-8C41-1BAFB89210C1}.Debug|Any CPU.ActiveCfg = Debug|Any CPU
		{FF31B1D7-F127-442A-8C41-1BAFB89210C1}.Debug|Any CPU.Build.0 = Debug|Any CPU
		{FF31B1D7-F127-442A-8C41-1BAFB89210C1}.Release|Any CPU.ActiveCfg = Release|Any CPU
		{FF31B1D7-F127-442A-8C41-1BAFB89210C1}.Release|Any CPU.Build.0 = Release|Any CPU
	EndGlobalSection
	GlobalSection(SolutionProperties) = preSolution
		HideSolutionNode = FALSE
	EndGlobalSection
EndGlobal
